
Microsoft Visual Studio Solution File, Format Version 12.00
# Visual Studio 14
VisualStudioVersion = 14.0.24720.0
MinimumVisualStudioVersion = 10.0.40219.1
Project("{FAE04EC0-301F-11D3-BF4B-00C04F79EFBC}") = "StatsQuo.Core", "StatsQuo.Core\StatsQuo.Core.csproj", "{0E5301FD-4171-4772-9BE3-D3C757B3A5A2}"
EndProject
Project("{FAE04EC0-301F-11D3-BF4B-00C04F79EFBC}") = "StatsQuo", "StatsQuo\StatsQuo.csproj", "{BA2B7807-0AE4-4BAD-A804-4C61A90F94D3}"
EndProject
Project("{FAE04EC0-301F-11D3-BF4B-00C04F79EFBC}") = "StatsQuo.Sample", "StatsQuo.Sample\StatsQuo.Sample.csproj", "{367B22E7-D0E5-41C0-9A31-4777F9B53B99}"
EndProject
Global
	GlobalSection(SolutionConfigurationPlatforms) = preSolution
		Debug|Any CPU = Debug|Any CPU
		Release|Any CPU = Release|Any CPU
	EndGlobalSection
	GlobalSection(ProjectConfigurationPlatforms) = postSolution
		{0E5301FD-4171-4772-9BE3-D3C757B3A5A2}.Debug|Any CPU.ActiveCfg = Debug|Any CPU
		{0E5301FD-4171-4772-9BE3-D3C757B3A5A2}.Debug|Any CPU.Build.0 = Debug|Any CPU
		{0E5301FD-4171-4772-9BE3-D3C757B3A5A2}.Release|Any CPU.ActiveCfg = Release|Any CPU
		{0E5301FD-4171-4772-9BE3-D3C757B3A5A2}.Release|Any CPU.Build.0 = Release|Any CPU
		{BA2B7807-0AE4-4BAD-A804-4C61A90F94D3}.Debug|Any CPU.ActiveCfg = Debug|Any CPU
		{BA2B7807-0AE4-4BAD-A804-4C61A90F94D3}.Debug|Any CPU.Build.0 = Debug|Any CPU
		{BA2B7807-0AE4-4BAD-A804-4C61A90F94D3}.Release|Any CPU.ActiveCfg = Release|Any CPU
		{BA2B7807-0AE4-4BAD-A804-4C61A90F94D3}.Release|Any CPU.Build.0 = Release|Any CPU
		{367B22E7-D0E5-41C0-9A31-4777F9B53B99}.Debug|Any CPU.ActiveCfg = Debug|Any CPU
		{367B22E7-D0E5-41C0-9A31-4777F9B53B99}.Debug|Any CPU.Build.0 = Debug|Any CPU
		{367B22E7-D0E5-41C0-9A31-4777F9B53B99}.Release|Any CPU.ActiveCfg = Release|Any CPU
		{367B22E7-D0E5-41C0-9A31-4777F9B53B99}.Release|Any CPU.Build.0 = Release|Any CPU
	EndGlobalSection
	GlobalSection(SolutionProperties) = preSolution
		HideSolutionNode = FALSE
	EndGlobalSection
EndGlobal
